
Microsoft Visual Studio Solution File, Format Version 12.00
# Visual Studio Version 16
VisualStudioVersion = 16.0.32106.194
MinimumVisualStudioVersion = 10.0.40219.1
Project("{FAE04EC0-301F-11D3-BF4B-00C04F79EFBC}") = "1. Travel Bus", "1. Travel Bus\1. Travel Bus.csproj", "{D39B8D17-937C-48C4-BADF-FECA1029A60C}"
EndProject
Global
	GlobalSection(SolutionConfigurationPlatforms) = preSolution
		Debug|Any CPU = Debug|Any CPU
		Release|Any CPU = Release|Any CPU
	EndGlobalSection
	GlobalSection(ProjectConfigurationPlatforms) = postSolution
		{D39B8D17-937C-48C4-BADF-FECA1029A60C}.Debug|Any CPU.ActiveCfg = Debug|Any CPU
		{D39B8D17-937C-48C4-BADF-FECA1029A60C}.Debug|Any CPU.Build.0 = Debug|Any CPU
		{D39B8D17-937C-48C4-BADF-FECA1029A60C}.Release|Any CPU.ActiveCfg = Release|Any CPU
		{D39B8D17-937C-48C4-BADF-FECA1029A60C}.Release|Any CPU.Build.0 = Release|Any CPU
	EndGlobalSection
	GlobalSection(SolutionProperties) = preSolution
		HideSolutionNode = FALSE
	EndGlobalSection
	GlobalSection(ExtensibilityGlobals) = postSolution
		SolutionGuid = {B50F1903-8848-4CB9-9EAC-21093D2358A3}
	EndGlobalSection
EndGlobal
